
Microsoft Visual Studio Solution File, Format Version 12.00
# Visual Studio Version 17
VisualStudioVersion = 17.5.33516.290
MinimumVisualStudioVersion = 10.0.40219.1
Project("{FAE04EC0-301F-11D3-BF4B-00C04F79EFBC}") = "YemekSiparisForm", "YemekSiparisForm\YemekSiparisForm.csproj", "{01FB8105-8B62-4A4B-86F3-FD87121151BA}"
EndProject
Global
	GlobalSection(SolutionConfigurationPlatforms) = preSolution
		Debug|Any CPU = Debug|Any CPU
		Release|Any CPU = Release|Any CPU
	EndGlobalSection
	GlobalSection(ProjectConfigurationPlatforms) = postSolution
		{01FB8105-8B62-4A4B-86F3-FD87121151BA}.Debug|Any CPU.ActiveCfg = Debug|Any CPU
		{01FB8105-8B62-4A4B-86F3-FD87121151BA}.Debug|Any CPU.Build.0 = Debug|Any CPU
		{01FB8105-8B62-4A4B-86F3-FD87121151BA}.Release|Any CPU.ActiveCfg = Release|Any CPU
		{01FB8105-8B62-4A4B-86F3-FD87121151BA}.Release|Any CPU.Build.0 = Release|Any CPU
	EndGlobalSection
	GlobalSection(SolutionProperties) = preSolution
		HideSolutionNode = FALSE
	EndGlobalSection
	GlobalSection(ExtensibilityGlobals) = postSolution
		SolutionGuid = {F32B6870-CA97-4442-981D-21231562AC9E}
	EndGlobalSection
EndGlobal
